// !$*UTF8*$!
{
	archiveVersion = 1;
	classes = {
	};
	objectVersion = 50;
	objects = {

/* Begin PBXBuildFile section */
		0DF6A58426DE0079004B56D8 /* AppDelegate.m in Sources */ = {isa = PBXBuildFile; fileRef = 0DF6A58326DE0079004B56D8 /* AppDelegate.m */; };
		0DF6A58726DE0079004B56D8 /* SceneDelegate.m in Sources */ = {isa = PBXBuildFile; fileRef = 0DF6A58626DE0079004B56D8 /* SceneDelegate.m */; };
		0DF6A58A26DE0079004B56D8 /* ViewController.m in Sources */ = {isa = PBXBuildFile; fileRef = 0DF6A58926DE0079004B56D8 /* ViewController.m */; };
		0DF6A58D26DE0079004B56D8 /* Main.storyboard in Resources */ = {isa = PBXBuildFile; fileRef = 0DF6A58B26DE0079004B56D8 /* Main.storyboard */; };
		0DF6A58F26DE0085004B56D8 /* Assets.xcassets in Resources */ = {isa = PBXBuildFile; fileRef = 0DF6A58E26DE0085004B56D8 /* Assets.xcassets */; };
		0DF6A59226DE0085004B56D8 /* LaunchScreen.storyboard in Resources */ = {isa = PBXBuildFile; fileRef = 0DF6A59026DE0085004B56D8 /* LaunchScreen.storyboard */; };
		0DF6A59526DE0085004B56D8 /* main.m in Sources */ = {isa = PBXBuildFile; fileRef = 0DF6A59426DE0085004B56D8 /* main.m */; };
		0DF6A5A726DE0274004B56D8 /* LBHouseTypeModel.m in Sources */ = {isa = PBXBuildFile; fileRef = 0DF6A5A326DE0274004B56D8 /* LBHouseTypeModel.m */; };
		0DF6A5A826DE0274004B56D8 /* LBFilterModel.m in Sources */ = {isa = PBXBuildFile; fileRef = 0DF6A5A426DE0274004B56D8 /* LBFilterModel.m */; };
		0DF6A5AB26DE028C004B56D8 /* LBSegementView.m in Sources */ = {isa = PBXBuildFile; fileRef = 0DF6A5A926DE028C004B56D8 /* LBSegementView.m */; };
		0DF6A5B426DE0297004B56D8 /* LBAddressTableView.m in Sources */ = {isa = PBXBuildFile; fileRef = 0DF6A5AE26DE0297004B56D8 /* LBAddressTableView.m */; };
		0DF6A5B526DE0297004B56D8 /* LBMoneyView.m in Sources */ = {isa = PBXBuildFile; fileRef = 0DF6A5B026DE0297004B56D8 /* LBMoneyView.m */; };
		0DF6A5B626DE0297004B56D8 /* LBFilterView.m in Sources */ = {isa = PBXBuildFile; fileRef = 0DF6A5B126DE0297004B56D8 /* LBFilterView.m */; };
		0DF6A5B726DE0297004B56D8 /* LBHouseTypeView.m in Sources */ = {isa = PBXBuildFile; fileRef = 0DF6A5B326DE0297004B56D8 /* LBHouseTypeView.m */; };
		0DF6A5BB26DE049A004B56D8 /* UIView+Extension.m in Sources */ = {isa = PBXBuildFile; fileRef = 0DF6A5BA26DE049A004B56D8 /* UIView+Extension.m */; };
		0DF6A5BE26DE0532004B56D8 /* UIImage+Extension.m in Sources */ = {isa = PBXBuildFile; fileRef = 0DF6A5BC26DE0532004B56D8 /* UIImage+Extension.m */; };
		0DF6A5C126DE05B0004B56D8 /* LBAddressModel.m in Sources */ = {isa = PBXBuildFile; fileRef = 0DF6A5C026DE05B0004B56D8 /* LBAddressModel.m */; };
		0DF6A5C326DE05D0004B56D8 /* cityList.json in Resources */ = {isa = PBXBuildFile; fileRef = 0DF6A5C226DE05D0004B56D8 /* cityList.json */; };
		C114AC558836743FE6C24C01 /* libPods-Filter.a in Frameworks */ = {isa = PBXBuildFile; fileRef = C1B8B58E98610E6DE5F57EBC /* libPods-Filter.a */; };
/* End PBXBuildFile section */

/* Begin PBXFileReference section */
		0DF6A57F26DE0079004B56D8 /* Filter.app */ = {isa = PBXFileReference; explicitFileType = wrapper.application; includeInIndex = 0; path = Filter.app; sourceTree = BUILT_PRODUCTS_DIR; };
		0DF6A58226DE0079004B56D8 /* AppDelegate.h */ = {isa = PBXFileReference; lastKnownFileType = sourcecode.c.h; path = AppDelegate.h; sourceTree = "<group>"; };
		0DF6A58326DE0079004B56D8 /* AppDelegate.m */ = {isa = PBXFileReference; lastKnownFileType = sourcecode.c.objc; path = AppDelegate.m; sourceTree = "<group>"; };
		0DF6A58526DE0079004B56D8 /* SceneDelegate.h */ = {isa = PBXFileReference; lastKnownFileType = sourcecode.c.h; path = SceneDelegate.h; sourceTree = "<group>"; };
		0DF6A58626DE0079004B56D8 /* SceneDelegate.m */ = {isa = PBXFileReference; lastKnownFileType = sourcecode.c.objc; path = SceneDelegate.m; sourceTree = "<group>"; };
		0DF6A58826DE0079004B56D8 /* ViewController.h */ = {isa = PBXFileReference; lastKnownFileType = sourcecode.c.h; path = ViewController.h; sourceTree = "<group>"; };
		0DF6A58926DE0079004B56D8 /* ViewController.m */ = {isa = PBXFileReference; lastKnownFileType = sourcecode.c.objc; path = ViewController.m; sourceTree = "<group>"; };
		0DF6A58C26DE0079004B56D8 /* Base */ = {isa = PBXFileReference; lastKnownFileType = file.storyboard; name = Base; path = Base.lproj/Main.storyboard; sourceTree = "<group>"; };
		0DF6A58E26DE0085004B56D8 /* Assets.xcassets */ = {isa = PBXFileReference; lastKnownFileType = folder.assetcatalog; path = Assets.xcassets; sourceTree = "<group>"; };
		0DF6A59126DE0085004B56D8 /* Base */ = {isa = PBXFileReference; lastKnownFileType = file.storyboard; name = Base; path = Base.lproj/LaunchScreen.storyboard; sourceTree = "<group>"; };
		0DF6A59326DE0085004B56D8 /* Info.plist */ = {isa = PBXFileReference; lastKnownFileType = text.plist.xml; path = Info.plist; sourceTree = "<group>"; };
		0DF6A59426DE0085004B56D8 /* main.m */ = {isa = PBXFileReference; lastKnownFileType = sourcecode.c.objc; path = main.m; sourceTree = "<group>"; };
		0DF6A5A226DE017D004B56D8 /* PrefixHeader.pch */ = {isa = PBXFileReference; lastKnownFileType = sourcecode.c.h; path = PrefixHeader.pch; sourceTree = "<group>"; };
		0DF6A5A326DE0274004B56D8 /* LBHouseTypeModel.m */ = {isa = PBXFileReference; fileEncoding = 4; lastKnownFileType = sourcecode.c.objc; path = LBHouseTypeModel.m; sourceTree = "<group>"; };
		0DF6A5A426DE0274004B56D8 /* LBFilterModel.m */ = {isa = PBXFileReference; fileEncoding = 4; lastKnownFileType = sourcecode.c.objc; path = LBFilterModel.m; sourceTree = "<group>"; };
		0DF6A5A526DE0274004B56D8 /* LBHouseTypeModel.h */ = {isa = PBXFileReference; fileEncoding = 4; lastKnownFileType = sourcecode.c.h; path = LBHouseTypeModel.h; sourceTree = "<group>"; };
		0DF6A5A626DE0274004B56D8 /* LBFilterModel.h */ = {isa = PBXFileReference; fileEncoding = 4; lastKnownFileType = sourcecode.c.h; path = LBFilterModel.h; sourceTree = "<group>"; };
		0DF6A5A926DE028C004B56D8 /* LBSegementView.m */ = {isa = PBXFileReference; fileEncoding = 4; lastKnownFileType = sourcecode.c.objc; path = LBSegementView.m; sourceTree = "<group>"; };
		0DF6A5AA26DE028C004B56D8 /* LBSegementView.h */ = {isa = PBXFileReference; fileEncoding = 4; lastKnownFileType = sourcecode.c.h; path = LBSegementView.h; sourceTree = "<group>"; };
		0DF6A5AC26DE0297004B56D8 /* LBAddressTableView.h */ = {isa = PBXFileReference; fileEncoding = 4; lastKnownFileType = sourcecode.c.h; path = LBAddressTableView.h; sourceTree = "<group>"; };
		0DF6A5AD26DE0297004B56D8 /* LBHouseTypeView.h */ = {isa = PBXFileReference; fileEncoding = 4; lastKnownFileType = sourcecode.c.h; path = LBHouseTypeView.h; sourceTree = "<group>"; };
		0DF6A5AE26DE0297004B56D8 /* LBAddressTableView.m */ = {isa = PBXFileReference; fileEncoding = 4; lastKnownFileType = sourcecode.c.objc; path = LBAddressTableView.m; sourceTree = "<group>"; };
		0DF6A5AF26DE0297004B56D8 /* LBFilterView.h */ = {isa = PBXFileReference; fileEncoding = 4; lastKnownFileType = sourcecode.c.h; path = LBFilterView.h; sourceTree = "<group>"; };
		0DF6A5B026DE0297004B56D8 /* LBMoneyView.m */ = {isa = PBXFileReference; fileEncoding = 4; lastKnownFileType = sourcecode.c.objc; path = LBMoneyView.m; sourceTree = "<group>"; };
		0DF6A5B126DE0297004B56D8 /* LBFilterView.m */ = {isa = PBXFileReference; fileEncoding = 4; lastKnownFileType = sourcecode.c.objc; path = LBFilterView.m; sourceTree = "<group>"; };
		0DF6A5B226DE0297004B56D8 /* LBMoneyView.h */ = {isa = PBXFileReference; fileEncoding = 4; lastKnownFileType = sourcecode.c.h; path = LBMoneyView.h; sourceTree = "<group>"; };
		0DF6A5B326DE0297004B56D8 /* LBHouseTypeView.m */ = {isa = PBXFileReference; fileEncoding = 4; lastKnownFileType = sourcecode.c.objc; path = LBHouseTypeView.m; sourceTree = "<group>"; };
		0DF6A5B926DE049A004B56D8 /* UIView+Extension.h */ = {isa = PBXFileReference; fileEncoding = 4; lastKnownFileType = sourcecode.c.h; path = "UIView+Extension.h"; sourceTree = "<group>"; };
		0DF6A5BA26DE049A004B56D8 /* UIView+Extension.m */ = {isa = PBXFileReference; fileEncoding = 4; lastKnownFileType = sourcecode.c.objc; path = "UIView+Extension.m"; sourceTree = "<group>"; };
		0DF6A5BC26DE0532004B56D8 /* UIImage+Extension.m */ = {isa = PBXFileReference; fileEncoding = 4; lastKnownFileType = sourcecode.c.objc; path = "UIImage+Extension.m"; sourceTree = "<group>"; };
		0DF6A5BD26DE0532004B56D8 /* UIImage+Extension.h */ = {isa = PBXFileReference; fileEncoding = 4; lastKnownFileType = sourcecode.c.h; path = "UIImage+Extension.h"; sourceTree = "<group>"; };
		0DF6A5BF26DE05B0004B56D8 /* LBAddressModel.h */ = {isa = PBXFileReference; fileEncoding = 4; lastKnownFileType = sourcecode.c.h; path = LBAddressModel.h; sourceTree = "<group>"; };
		0DF6A5C026DE05B0004B56D8 /* LBAddressModel.m */ = {isa = PBXFileReference; fileEncoding = 4; lastKnownFileType = sourcecode.c.objc; path = LBAddressModel.m; sourceTree = "<group>"; };
		0DF6A5C226DE05D0004B56D8 /* cityList.json */ = {isa = PBXFileReference; fileEncoding = 4; lastKnownFileType = text.json; path = cityList.json; sourceTree = "<group>"; };
		76DCDF48221CA10CEDB41D87 /* Pods-Filter.debug.xcconfig */ = {isa = PBXFileReference; includeInIndex = 1; lastKnownFileType = text.xcconfig; name = "Pods-Filter.debug.xcconfig"; path = "Target Support Files/Pods-Filter/Pods-Filter.debug.xcconfig"; sourceTree = "<group>"; };
		76F807BD033CD3BC9F4E17CB /* Pods-Filter.release.xcconfig */ = {isa = PBXFileReference; includeInIndex = 1; lastKnownFileType = text.xcconfig; name = "Pods-Filter.release.xcconfig"; path = "Target Support Files/Pods-Filter/Pods-Filter.release.xcconfig"; sourceTree = "<group>"; };
		C1B8B58E98610E6DE5F57EBC /* libPods-Filter.a */ = {isa = PBXFileReference; explicitFileType = archive.ar; includeInIndex = 0; path = "libPods-Filter.a"; sourceTree = BUILT_PRODUCTS_DIR; };
/* End PBXFileReference section */

/* Begin PBXFrameworksBuildPhase section */
		0DF6A57C26DE0079004B56D8 /* Frameworks */ = {
			isa = PBXFrameworksBuildPhase;
			buildActionMask = 2147483647;
			files = (
				C114AC558836743FE6C24C01 /* libPods-Filter.a in Frameworks */,
			);
			runOnlyForDeploymentPostprocessing = 0;
		};
/* End PBXFrameworksBuildPhase section */

/* Begin PBXGroup section */
		0DF6A57626DE0079004B56D8 = {
			isa = PBXGroup;
			children = (
				0DF6A58126DE0079004B56D8 /* Filter */,
				0DF6A58026DE0079004B56D8 /* Products */,
				95F54B1D37A57AE1E095036A /* Pods */,
				134EF7336A8499709A106401 /* Frameworks */,
			);
			sourceTree = "<group>";
		};
		0DF6A58026DE0079004B56D8 /* Products */ = {
			isa = PBXGroup;
			children = (
				0DF6A57F26DE0079004B56D8 /* Filter.app */,
			);
			name = Products;
			sourceTree = "<group>";
		};
		0DF6A58126DE0079004B56D8 /* Filter */ = {
			isa = PBXGroup;
			children = (
				0DF6A59B26DE00C4004B56D8 /* LBModels */,
				0DF6A59C26DE00E4004B56D8 /* LBViews */,
				0DF6A59F26DE0114004B56D8 /* LBControllers */,
				0DF6A5A026DE012D004B56D8 /* LBAppDelegate */,
				0DF6A5B826DE047D004B56D8 /* LBCategory */,
				0DF6A5A126DE014D004B56D8 /* Supporting Files */,
			);
			path = Filter;
			sourceTree = "<group>";
		};
		0DF6A59B26DE00C4004B56D8 /* LBModels */ = {
			isa = PBXGroup;
			children = (
				0DF6A5A626DE0274004B56D8 /* LBFilterModel.h */,
				0DF6A5A426DE0274004B56D8 /* LBFilterModel.m */,
				0DF6A5A526DE0274004B56D8 /* LBHouseTypeModel.h */,
				0DF6A5A326DE0274004B56D8 /* LBHouseTypeModel.m */,
				0DF6A5BF26DE05B0004B56D8 /* LBAddressModel.h */,
				0DF6A5C026DE05B0004B56D8 /* LBAddressModel.m */,
			);
			path = LBModels;
			sourceTree = "<group>";
		};
		0DF6A59C26DE00E4004B56D8 /* LBViews */ = {
			isa = PBXGroup;
			children = (
				0DF6A59D26DE00F0004B56D8 /* LBSegementView */,
				0DF6A59E26DE00FD004B56D8 /* LBChildViews */,
			);
			path = LBViews;
			sourceTree = "<group>";
		};
		0DF6A59D26DE00F0004B56D8 /* LBSegementView */ = {
			isa = PBXGroup;
			children = (
				0DF6A5AA26DE028C004B56D8 /* LBSegementView.h */,
				0DF6A5A926DE028C004B56D8 /* LBSegementView.m */,
			);
			path = LBSegementView;
			sourceTree = "<group>";
		};
		0DF6A59E26DE00FD004B56D8 /* LBChildViews */ = {
			isa = PBXGroup;
			children = (
				0DF6A5AC26DE0297004B56D8 /* LBAddressTableView.h */,
				0DF6A5AE26DE0297004B56D8 /* LBAddressTableView.m */,
				0DF6A5AF26DE0297004B56D8 /* LBFilterView.h */,
				0DF6A5B126DE0297004B56D8 /* LBFilterView.m */,
				0DF6A5AD26DE0297004B56D8 /* LBHouseTypeView.h */,
				0DF6A5B326DE0297004B56D8 /* LBHouseTypeView.m */,
				0DF6A5B226DE0297004B56D8 /* LBMoneyView.h */,
				0DF6A5B026DE0297004B56D8 /* LBMoneyView.m */,
			);
			path = LBChildViews;
			sourceTree = "<group>";
		};
		0DF6A59F26DE0114004B56D8 /* LBControllers */ = {
			isa = PBXGroup;
			children = (
				0DF6A58826DE0079004B56D8 /* ViewController.h */,
				0DF6A58926DE0079004B56D8 /* ViewController.m */,
			);
			path = LBControllers;
			sourceTree = "<group>";
		};
		0DF6A5A026DE012D004B56D8 /* LBAppDelegate */ = {
			isa = PBXGroup;
			children = (
				0DF6A58226DE0079004B56D8 /* AppDelegate.h */,
				0DF6A58326DE0079004B56D8 /* AppDelegate.m */,
				0DF6A58526DE0079004B56D8 /* SceneDelegate.h */,
				0DF6A58626DE0079004B56D8 /* SceneDelegate.m */,
			);
			path = LBAppDelegate;
			sourceTree = "<group>";
		};
		0DF6A5A126DE014D004B56D8 /* Supporting Files */ = {
			isa = PBXGroup;
			children = (
				0DF6A5C226DE05D0004B56D8 /* cityList.json */,
				0DF6A58B26DE0079004B56D8 /* Main.storyboard */,
				0DF6A58E26DE0085004B56D8 /* Assets.xcassets */,
				0DF6A59026DE0085004B56D8 /* LaunchScreen.storyboard */,
				0DF6A59326DE0085004B56D8 /* Info.plist */,
				0DF6A59426DE0085004B56D8 /* main.m */,
				0DF6A5A226DE017D004B56D8 /* PrefixHeader.pch */,
			);
			path = "Supporting Files";
			sourceTree = "<group>";
		};
		0DF6A5B826DE047D004B56D8 /* LBCategory */ = {
			isa = PBXGroup;
			children = (
				0DF6A5B926DE049A004B56D8 /* UIView+Extension.h */,
				0DF6A5BA26DE049A004B56D8 /* UIView+Extension.m */,
				0DF6A5BD26DE0532004B56D8 /* UIImage+Extension.h */,
				0DF6A5BC26DE0532004B56D8 /* UIImage+Extension.m */,
			);
			path = LBCategory;
			sourceTree = "<group>";
		};
		134EF7336A8499709A106401 /* Frameworks */ = {
			isa = PBXGroup;
			children = (
				C1B8B58E98610E6DE5F57EBC /* libPods-Filter.a */,
			);
			name = Frameworks;
			sourceTree = "<group>";
		};
		95F54B1D37A57AE1E095036A /* Pods */ = {
			isa = PBXGroup;
			children = (
				76DCDF48221CA10CEDB41D87 /* Pods-Filter.debug.xcconfig */,
				76F807BD033CD3BC9F4E17CB /* Pods-Filter.release.xcconfig */,
			);
			path = Pods;
			sourceTree = "<group>";
		};
/* End PBXGroup section */

/* Begin PBXNativeTarget section */
		0DF6A57E26DE0079004B56D8 /* Filter */ = {
			isa = PBXNativeTarget;
			buildConfigurationList = 0DF6A59826DE0085004B56D8 /* Build configuration list for PBXNativeTarget "Filter" */;
			buildPhases = (
				5F37BF91BD2845A8191D1C34 /* [CP] Check Pods Manifest.lock */,
				0DF6A57B26DE0079004B56D8 /* Sources */,
				0DF6A57C26DE0079004B56D8 /* Frameworks */,
				0DF6A57D26DE0079004B56D8 /* Resources */,
			);
			buildRules = (
			);
			dependencies = (
			);
			name = Filter;
			productName = Filter;
			productReference = 0DF6A57F26DE0079004B56D8 /* Filter.app */;
			productType = "com.apple.product-type.application";
		};
/* End PBXNativeTarget section */

/* Begin PBXProject section */
		0DF6A57726DE0079004B56D8 /* Project object */ = {
			isa = PBXProject;
			attributes = {
				LastUpgradeCheck = 1250;
				TargetAttributes = {
					0DF6A57E26DE0079004B56D8 = {
						CreatedOnToolsVersion = 12.5;
					};
				};
			};
			buildConfigurationList = 0DF6A57A26DE0079004B56D8 /* Build configuration list for PBXProject "Filter" */;
			compatibilityVersion = "Xcode 9.3";
			developmentRegion = en;
			hasScannedForEncodings = 0;
			knownRegions = (
				en,
				Base,
			);
			mainGroup = 0DF6A57626DE0079004B56D8;
			productRefGroup = 0DF6A58026DE0079004B56D8 /* Products */;
			projectDirPath = "";
			projectRoot = "";
			targets = (
				0DF6A57E26DE0079004B56D8 /* Filter */,
			);
		};
/* End PBXProject section */

/* Begin PBXResourcesBuildPhase section */
		0DF6A57D26DE0079004B56D8 /* Resources */ = {
			isa = PBXResourcesBuildPhase;
			buildActionMask = 2147483647;
			files = (
				0DF6A59226DE0085004B56D8 /* LaunchScreen.storyboard in Resources */,
				0DF6A58F26DE0085004B56D8 /* Assets.xcassets in Resources */,
				0DF6A5C326DE05D0004B56D8 /* cityList.json in Resources */,
				0DF6A58D26DE0079004B56D8 /* Main.storyboard in Resources */,
			);
			runOnlyForDeploymentPostprocessing = 0;
		};
/* End PBXResourcesBuildPhase section */

/* Begin PBXShellScriptBuildPhase section */
		5F37BF91BD2845A8191D1C34 /* [CP] Check Pods Manifest.lock */ = {
			isa = PBXShellScriptBuildPhase;
			buildActionMask = 2147483647;
			files = (
			);
			inputFileListPaths = (
			);
			inputPaths = (
				"${PODS_PODFILE_DIR_PATH}/Podfile.lock",
				"${PODS_ROOT}/Manifest.lock",
			);
			name = "[CP] Check Pods Manifest.lock";
			outputFileListPaths = (
			);
			outputPaths = (
				"$(DERIVED_FILE_DIR)/Pods-Filter-checkManifestLockResult.txt",
			);
			runOnlyForDeploymentPostprocessing = 0;
			shellPath = /bin/sh;
			shellScript = "diff \"${PODS_PODFILE_DIR_PATH}/Podfile.lock\" \"${PODS_ROOT}/Manifest.lock\" > /dev/null\nif [ $? != 0 ] ; then\n    # print error to STDERR\n    echo \"error: The sandbox is not in sync with the Podfile.lock. Run 'pod install' or update your CocoaPods installation.\" >&2\n    exit 1\nfi\n# This output is used by Xcode 'outputs' to avoid re-running this script phase.\necho \"SUCCESS\" > \"${SCRIPT_OUTPUT_FILE_0}\"\n";
			showEnvVarsInLog = 0;
		};
/* End PBXShellScriptBuildPhase section */

/* Begin PBXSourcesBuildPhase section */
		0DF6A57B26DE0079004B56D8 /* Sources */ = {
			isa = PBXSourcesBuildPhase;
			buildActionMask = 2147483647;
			files = (
				0DF6A58A26DE0079004B56D8 /* ViewController.m in Sources */,
				0DF6A5B526DE0297004B56D8 /* LBMoneyView.m in Sources */,
				0DF6A5C126DE05B0004B56D8 /* LBAddressModel.m in Sources */,
				0DF6A5B726DE0297004B56D8 /* LBHouseTypeView.m in Sources */,
				0DF6A58426DE0079004B56D8 /* AppDelegate.m in Sources */,
				0DF6A59526DE0085004B56D8 /* main.m in Sources */,
				0DF6A5B626DE0297004B56D8 /* LBFilterView.m in Sources */,
				0DF6A5BB26DE049A004B56D8 /* UIView+Extension.m in Sources */,
				0DF6A5A726DE0274004B56D8 /* LBHouseTypeModel.m in Sources */,
				0DF6A5BE26DE0532004B56D8 /* UIImage+Extension.m in Sources */,
				0DF6A5AB26DE028C004B56D8 /* LBSegementView.m in Sources */,
				0DF6A58726DE0079004B56D8 /* SceneDelegate.m in Sources */,
				0DF6A5B426DE0297004B56D8 /* LBAddressTableView.m in Sources */,
				0DF6A5A826DE0274004B56D8 /* LBFilterModel.m in Sources */,
			);
			runOnlyForDeploymentPostprocessing = 0;
		};
/* End PBXSourcesBuildPhase section */

/* Begin PBXVariantGroup section */
		0DF6A58B26DE0079004B56D8 /* Main.storyboard */ = {
			isa = PBXVariantGroup;
			children = (
				0DF6A58C26DE0079004B56D8 /* Base */,
			);
			name = Main.storyboard;
			sourceTree = "<group>";
		};
		0DF6A59026DE0085004B56D8 /* LaunchScreen.storyboard */ = {
			isa = PBXVariantGroup;
			children = (
				0DF6A59126DE0085004B56D8 /* Base */,
			);
			name = LaunchScreen.storyboard;
			sourceTree = "<group>";
		};
/* End PBXVariantGroup section */

/* Begin XCBuildConfiguration section */
		0DF6A59626DE0085004B56D8 /* Debug */ = {
			isa = XCBuildConfiguration;
			buildSettings = {
				ALWAYS_SEARCH_USER_PATHS = NO;
				CLANG_ANALYZER_NONNULL = YES;
				CLANG_ANALYZER_NUMBER_OBJECT_CONVERSION = YES_AGGRESSIVE;
				CLANG_CXX_LANGUAGE_STANDARD = "gnu++14";
				CLANG_CXX_LIBRARY = "libc++";
				CLANG_ENABLE_MODULES = YES;
				CLANG_ENABLE_OBJC_ARC = YES;
				CLANG_ENABLE_OBJC_WEAK = YES;
				CLANG_WARN_BLOCK_CAPTURE_AUTORELEASING = YES;
				CLANG_WARN_BOOL_CONVERSION = YES;
				CLANG_WARN_COMMA = YES;
				CLANG_WARN_CONSTANT_CONVERSION = YES;
				CLANG_WARN_DEPRECATED_OBJC_IMPLEMENTATIONS = YES;
				CLANG_WARN_DIRECT_OBJC_ISA_USAGE = YES_ERROR;
				CLANG_WARN_DOCUMENTATION_COMMENTS = YES;
				CLANG_WARN_EMPTY_BODY = YES;
				CLANG_WARN_ENUM_CONVERSION = YES;
				CLANG_WARN_INFINITE_RECURSION = YES;
				CLANG_WARN_INT_CONVERSION = YES;
				CLANG_WARN_NON_LITERAL_NULL_CONVERSION = YES;
				CLANG_WARN_OBJC_IMPLICIT_RETAIN_SELF = YES;
				CLANG_WARN_OBJC_LITERAL_CONVERSION = YES;
				CLANG_WARN_OBJC_ROOT_CLASS = YES_ERROR;
				CLANG_WARN_QUOTED_INCLUDE_IN_FRAMEWORK_HEADER = YES;
				CLANG_WARN_RANGE_LOOP_ANALYSIS = YES;
				CLANG_WARN_STRICT_PROTOTYPES = YES;
				CLANG_WARN_SUSPICIOUS_MOVE = YES;
				CLANG_WARN_UNGUARDED_AVAILABILITY = YES_AGGRESSIVE;
				CLANG_WARN_UNREACHABLE_CODE = YES;
				CLANG_WARN__DUPLICATE_METHOD_MATCH = YES;
				COPY_PHASE_STRIP = NO;
				DEBUG_INFORMATION_FORMAT = dwarf;
				ENABLE_STRICT_OBJC_MSGSEND = YES;
				ENABLE_TESTABILITY = YES;
				GCC_C_LANGUAGE_STANDARD = gnu11;
				GCC_DYNAMIC_NO_PIC = NO;
				GCC_NO_COMMON_BLOCKS = YES;
				GCC_OPTIMIZATION_LEVEL = 0;
				GCC_PREPROCESSOR_DEFINITIONS = (
					"DEBUG=1",
					"$(inherited)",
				);
				GCC_WARN_64_TO_32_BIT_CONVERSION = YES;
				GCC_WARN_ABOUT_RETURN_TYPE = YES_ERROR;
				GCC_WARN_UNDECLARED_SELECTOR = YES;
				GCC_WARN_UNINITIALIZED_AUTOS = YES_AGGRESSIVE;
				GCC_WARN_UNUSED_FUNCTION = YES;
				GCC_WARN_UNUSED_VARIABLE = YES;
				IPHONEOS_DEPLOYMENT_TARGET = 9.0;
				MTL_ENABLE_DEBUG_INFO = INCLUDE_SOURCE;
				MTL_FAST_MATH = YES;
				ONLY_ACTIVE_ARCH = YES;
				SDKROOT = iphoneos;
			};
			name = Debug;
		};
		0DF6A59726DE0085004B56D8 /* Release */ = {
			isa = XCBuildConfiguration;
			buildSettings = {
				ALWAYS_SEARCH_USER_PATHS = NO;
				CLANG_ANALYZER_NONNULL = YES;
				CLANG_ANALYZER_NUMBER_OBJECT_CONVERSION = YES_AGGRESSIVE;
				CLANG_CXX_LANGUAGE_STANDARD = "gnu++14";
				CLANG_CXX_LIBRARY = "libc++";
				CLANG_ENABLE_MODULES = YES;
				CLANG_ENABLE_OBJC_ARC = YES;
				CLANG_ENABLE_OBJC_WEAK = YES;
				CLANG_WARN_BLOCK_CAPTURE_AUTORELEASING = YES;
				CLANG_WARN_BOOL_CONVERSION = YES;
				CLANG_WARN_COMMA = YES;
				CLANG_WARN_CONSTANT_CONVERSION = YES;
				CLANG_WARN_DEPRECATED_OBJC_IMPLEMENTATIONS = YES;
				CLANG_WARN_DIRECT_OBJC_ISA_USAGE = YES_ERROR;
				CLANG_WARN_DOCUMENTATION_COMMENTS = YES;
				CLANG_WARN_EMPTY_BODY = YES;
				CLANG_WARN_ENUM_CONVERSION = YES;
				CLANG_WARN_INFINITE_RECURSION = YES;
				CLANG_WARN_INT_CONVERSION = YES;
				CLANG_WARN_NON_LITERAL_NULL_CONVERSION = YES;
				CLANG_WARN_OBJC_IMPLICIT_RETAIN_SELF = YES;
				CLANG_WARN_OBJC_LITERAL_CONVERSION = YES;
				CLANG_WARN_OBJC_ROOT_CLASS = YES_ERROR;
				CLANG_WARN_QUOTED_INCLUDE_IN_FRAMEWORK_HEADER = YES;
				CLANG_WARN_RANGE_LOOP_ANALYSIS = YES;
				CLANG_WARN_STRICT_PROTOTYPES = YES;
				CLANG_WARN_SUSPICIOUS_MOVE = YES;
				CLANG_WARN_UNGUARDED_AVAILABILITY = YES_AGGRESSIVE;
				CLANG_WARN_UNREACHABLE_CODE = YES;
				CLANG_WARN__DUPLICATE_METHOD_MATCH = YES;
				COPY_PHASE_STRIP = NO;
				DEBUG_INFORMATION_FORMAT = "dwarf-with-dsym";
				ENABLE_NS_ASSERTIONS = NO;
				ENABLE_STRICT_OBJC_MSGSEND = YES;
				GCC_C_LANGUAGE_STANDARD = gnu11;
				GCC_NO_COMMON_BLOCKS = YES;
				GCC_WARN_64_TO_32_BIT_CONVERSION = YES;
				GCC_WARN_ABOUT_RETURN_TYPE = YES_ERROR;
				GCC_WARN_UNDECLARED_SELECTOR = YES;
				GCC_WARN_UNINITIALIZED_AUTOS = YES_AGGRESSIVE;
				GCC_WARN_UNUSED_FUNCTION = YES;
				GCC_WARN_UNUSED_VARIABLE = YES;
				IPHONEOS_DEPLOYMENT_TARGET = 9.0;
				MTL_ENABLE_DEBUG_INFO = NO;
				MTL_FAST_MATH = YES;
				SDKROOT = iphoneos;
				VALIDATE_PRODUCT = YES;
			};
			name = Release;
		};
		0DF6A59926DE0085004B56D8 /* Debug */ = {
			isa = XCBuildConfiguration;
			baseConfigurationReference = 76DCDF48221CA10CEDB41D87 /* Pods-Filter.debug.xcconfig */;
			buildSettings = {
				ASSETCATALOG_COMPILER_APPICON_NAME = AppIcon;
				ASSETCATALOG_COMPILER_GLOBAL_ACCENT_COLOR_NAME = AccentColor;
				CODE_SIGN_STYLE = Automatic;
				GCC_INCREASE_PRECOMPILED_HEADER_SHARING = YES;
				GCC_PREFIX_HEADER = "$(SRCROOT)/Filter/Supporting Files/PrefixHeader.pch";
				INFOPLIST_FILE = "$(SRCROOT)/Filter/Supporting Files/Info.plist";
				LD_RUNPATH_SEARCH_PATHS = (
					"$(inherited)",
					"@executable_path/Frameworks",
				);
				PRODUCT_BUNDLE_IDENTIFIER = com.east.lixiangxue.Filter;
				PRODUCT_NAME = "$(TARGET_NAME)";
				TARGETED_DEVICE_FAMILY = "1,2";
			};
			name = Debug;
		};
		0DF6A59A26DE0085004B56D8 /* Release */ = {
			isa = XCBuildConfiguration;
			baseConfigurationReference = 76F807BD033CD3BC9F4E17CB /* Pods-Filter.release.xcconfig */;
			buildSettings = {
				ASSETCATALOG_COMPILER_APPICON_NAME = AppIcon;
				ASSETCATALOG_COMPILER_GLOBAL_ACCENT_COLOR_NAME = AccentColor;
				CODE_SIGN_STYLE = Automatic;
				GCC_INCREASE_PRECOMPILED_HEADER_SHARING = YES;
				GCC_PREFIX_HEADER = "$(SRCROOT)/Filter/Supporting Files/PrefixHeader.pch";
				INFOPLIST_FILE = "$(SRCROOT)/Filter/Supporting Files/Info.plist";
				LD_RUNPATH_SEARCH_PATHS = (
					"$(inherited)",
					"@executable_path/Frameworks",
				);
				PRODUCT_BUNDLE_IDENTIFIER = com.east.lixiangxue.Filter;
				PRODUCT_NAME = "$(TARGET_NAME)";
				TARGETED_DEVICE_FAMILY = "1,2";
			};
			name = Release;
		};
/* End XCBuildConfiguration section */

/* Begin XCConfigurationList section */
		0DF6A57A26DE0079004B56D8 /* Build configuration list for PBXProject "Filter" */ = {
			isa = XCConfigurationList;
			buildConfigurations = (
				0DF6A59626DE0085004B56D8 /* Debug */,
				0DF6A59726DE0085004B56D8 /* Release */,
			);
			defaultConfigurationIsVisible = 0;
			defaultConfigurationName = Release;
		};
		0DF6A59826DE0085004B56D8 /* Build configuration list for PBXNativeTarget "Filter" */ = {
			isa = XCConfigurationList;
			buildConfigurations = (
				0DF6A59926DE0085004B56D8 /* Debug */,
				0DF6A59A26DE0085004B56D8 /* Release */,
			);
			defaultConfigurationIsVisible = 0;
			defaultConfigurationName = Release;
		};
/* End XCConfigurationList section */
	};
	rootObject = 0DF6A57726DE0079004B56D8 /* Project object */;
}
